<?xml version="1.0" encoding="utf-8"?>
<Project ToolsVersion="4.0" xmlns="http://schemas.microsoft.com/developer/msbuild/2003">
  <ItemGroup>
    <Filter Include="源文件">
      <UniqueIdentifier>{4FC737F1-C7A5-4376-A066-2A32D752A2FF}</UniqueIdentifier>
      <Extensions>cpp;c;cc;cxx;c++;cppm;ixx;def;odl;idl;hpj;bat;asm;asmx</Extensions>
    </Filter>
    <Filter Include="头文件">
      <UniqueIdentifier>{93995380-89BD-4b04-88EB-625FBE52EBFB}</UniqueIdentifier>
      <Extensions>h;hh;hpp;hxx;h++;hm;inl;inc;ipp;xsd</Extensions>
    </Filter>
    <Filter Include="资源文件">
      <UniqueIdentifier>{67DA6AB6-F800-4c08-8B7A-83BB121AAD01}</UniqueIdentifier>
      <Extensions>rc;ico;cur;bmp;dlg;rc2;rct;bin;rgs;gif;jpg;jpeg;jpe;resx;tiff;tif;png;wav;mfcribbon-ms</Extensions>
    </Filter>
    <Filter Include="头文件\outerTools">
      <UniqueIdentifier>{4aed92fb-7f48-4bed-bc6b-6b40d651890e}</UniqueIdentifier>
    </Filter>
    <Filter Include="头文件\inner">
      <UniqueIdentifier>{3e0c8092-7df1-40f7-8e5a-7ab61fff1e43}</UniqueIdentifier>
    </Filter>
    <Filter Include="源文件\outerTools">
      <UniqueIdentifier>{d5e36309-2f59-4498-a32b-2b77c3db6564}</UniqueIdentifier>
    </Filter>
    <Filter Include="源文件\inner">
      <UniqueIdentifier>{04659221-033d-4ff9-994f-91e87ebf2146}</UniqueIdentifier>
    </Filter>
  </ItemGroup>
  <ItemGroup>
    <ClInclude Include="Mahjong.h">
      <Filter>头文件\inner</Filter>
    </ClInclude>
    <ClInclude Include="FanCalculator.h">
      <Filter>头文件\inner</Filter>
    </ClInclude>
    <ClInclude Include="RequestInfor.h">
      <Filter>头文件\inner</Filter>
    </ClInclude>
    <ClInclude Include="StatusMemory.h">
      <Filter>头文件\inner</Filter>
    </ClInclude>
    <ClInclude Include="fan_calculator.h">
      <Filter>头文件\outerTools</Filter>
    </ClInclude>
    <ClInclude Include="shanten.h">
      <Filter>头文件\outerTools</Filter>
    </ClInclude>
    <ClInclude Include="standard_tiles.h">
      <Filter>头文件\outerTools</Filter>
    </ClInclude>
    <ClInclude Include="stringify.h">
      <Filter>头文件\outerTools</Filter>
    </ClInclude>
    <ClInclude Include="tile.h">
      <Filter>头文件\outerTools</Filter>
    </ClInclude>
    <ClInclude Include="ResponseInfor.h">
      <Filter>头文件\inner</Filter>
    </ClInclude>
  </ItemGroup>
  <ItemGroup>
    <ClCompile Include="Mahjong.cpp">
      <Filter>源文件\inner</Filter>
    </ClCompile>
    <ClCompile Include="RequestInfor.cpp">
      <Filter>源文件\inner</Filter>
    </ClCompile>
    <ClCompile Include="StatusMemory.cpp">
      <Filter>源文件\inner</Filter>
    </ClCompile>
    <ClCompile Include="fan_calculator.cpp">
      <Filter>源文件\outerTools</Filter>
    </ClCompile>
    <ClCompile Include="shanten.cpp">
      <Filter>源文件\outerTools</Filter>
    </ClCompile>
    <ClCompile Include="stringify.cpp">
      <Filter>源文件\outerTools</Filter>
    </ClCompile>
    <ClCompile Include="ResponseInfor.cpp">
      <Filter>源文件\inner</Filter>
    </ClCompile>
    <ClCompile Include="FanCalculator.cpp">
      <Filter>源文件\inner</Filter>
    </ClCompile>
    <ClCompile Include="defend.cpp">
      <Filter>源文件\inner</Filter>
    </ClCompile>
    <ClCompile Include="main.cpp">
      <Filter>源文件\inner</Filter>
    </ClCompile>
  </ItemGroup>
  <ItemGroup>
    <None Include="README-Group.md">
      <Filter>资源文件</Filter>
    </None>
  </ItemGroup>
  <ItemGroup>
    <Text Include="inWN.txt">
      <Filter>资源文件</Filter>
    </Text>
  </ItemGroup>
</Project>